
Microsoft Visual Studio Solution File, Format Version 12.00
# Visual Studio Version 17
VisualStudioVersion = 17.0.32014.148
MinimumVisualStudioVersion = 10.0.40219.1
Project("{8BC9CEB8-8B4A-11D0-8D11-00A0C91BC942}") = "Chapter 2.6", "Chapter 2.6.vcxproj", "{935D5904-1D1D-44C0-932D-4D20D4033373}"
EndProject
Global
	GlobalSection(SolutionConfigurationPlatforms) = preSolution
		Debug|x64 = Debug|x64
		Debug|x86 = Debug|x86
		Release|x64 = Release|x64
		Release|x86 = Release|x86
	EndGlobalSection
	GlobalSection(ProjectConfigurationPlatforms) = postSolution
		{935D5904-1D1D-44C0-932D-4D20D4033373}.Debug|x64.ActiveCfg = Debug|x64
		{935D5904-1D1D-44C0-932D-4D20D4033373}.Debug|x64.Build.0 = Debug|x64
		{935D5904-1D1D-44C0-932D-4D20D4033373}.Debug|x86.ActiveCfg = Debug|Win32
		{935D5904-1D1D-44C0-932D-4D20D4033373}.Debug|x86.Build.0 = Debug|Win32
		{935D5904-1D1D-44C0-932D-4D20D4033373}.Release|x64.ActiveCfg = Release|x64
		{935D5904-1D1D-44C0-932D-4D20D4033373}.Release|x64.Build.0 = Release|x64
		{935D5904-1D1D-44C0-932D-4D20D4033373}.Release|x86.ActiveCfg = Release|Win32
		{935D5904-1D1D-44C0-932D-4D20D4033373}.Release|x86.Build.0 = Release|Win32
	EndGlobalSection
	GlobalSection(SolutionProperties) = preSolution
		HideSolutionNode = FALSE
	EndGlobalSection
	GlobalSection(ExtensibilityGlobals) = postSolution
		SolutionGuid = {BF118A27-931E-4CE8-838F-8F5C57EE28EF}
	EndGlobalSection
EndGlobal
